# THIS IS AN AUTOGENERATED FILE. DO NOT EDIT THIS FILE DIRECTLY.
# yarn lockfile v1


is-promise@~1, is-promise@~1.0.0:
  version "1.0.1"
  resolved "https://registry.yarnpkg.com/is-promise/-/is-promise-1.0.1.tgz#31573761c057e33c2e91aab9e96da08cefbe76e5"

nodeify@^1.0.0:
  version "1.0.0"
  resolved "https://registry.yarnpkg.com/nodeify/-/nodeify-1.0.0.tgz#2a106c7bfbd6b8490dd53c130ddbfe2ae639a856"
  dependencies:
    is-promise "~1.0.0"
    promise "~1.3.0"

passport-custom@^1.0.5:
  version "1.0.5"
  resolved "https://registry.yarnpkg.com/passport-custom/-/passport-custom-1.0.5.tgz#2d1d9c174a6a4685bf0289bce61091cd5ec7b0f4"
  dependencies:
    passport-strategy "1.x.x"

passport-strategy@1.x.x:
  version "1.0.0"
  resolved "https://registry.yarnpkg.com/passport-strategy/-/passport-strategy-1.0.0.tgz#b5539aa8fc225a3d1ad179476ddf236b440f52e4"

promise@~1.3.0:
  version "1.3.0"
  resolved "https://registry.yarnpkg.com/promise/-/promise-1.3.0.tgz#e5cc9a4c8278e4664ffedc01c7da84842b040175"
  dependencies:
    is-promise "~1"
